
Microsoft Visual Studio Solution File, Format Version 12.00
# Visual Studio Version 17
VisualStudioVersion = 17.6.33815.320
MinimumVisualStudioVersion = 10.0.40219.1
Project("{FAE04EC0-301F-11D3-BF4B-00C04F79EFBC}") = "WpfApp1", "WpfApp1\WpfApp1.csproj", "{0C182C1C-A560-4AD0-A852-DEE1B8C004EB}"
EndProject
Global
	GlobalSection(SolutionConfigurationPlatforms) = preSolution
		Debug|Any CPU = Debug|Any CPU
		Release|Any CPU = Release|Any CPU
	EndGlobalSection
	GlobalSection(ProjectConfigurationPlatforms) = postSolution
		{0C182C1C-A560-4AD0-A852-DEE1B8C004EB}.Debug|Any CPU.ActiveCfg = Debug|Any CPU
		{0C182C1C-A560-4AD0-A852-DEE1B8C004EB}.Debug|Any CPU.Build.0 = Debug|Any CPU
		{0C182C1C-A560-4AD0-A852-DEE1B8C004EB}.Release|Any CPU.ActiveCfg = Release|Any CPU
		{0C182C1C-A560-4AD0-A852-DEE1B8C004EB}.Release|Any CPU.Build.0 = Release|Any CPU
	EndGlobalSection
	GlobalSection(SolutionProperties) = preSolution
		HideSolutionNode = FALSE
	EndGlobalSection
	GlobalSection(ExtensibilityGlobals) = postSolution
		SolutionGuid = {8BABE8A1-E966-4F8C-AC85-2C333510D778}
	EndGlobalSection
EndGlobal
